
Microsoft Visual Studio Solution File, Format Version 12.00
# Visual Studio 15
VisualStudioVersion = 15.0.28307.329
MinimumVisualStudioVersion = 10.0.40219.1
Project("{9A19103F-16F7-4668-BE54-9A1E7A4F7556}") = "zFluent.Extensions", "zFluent.Extensions\zFluent.Extensions.csproj", "{2402B977-58A0-429B-8316-5DA99726C02F}"
EndProject
Project("{9A19103F-16F7-4668-BE54-9A1E7A4F7556}") = "zFluent.Extensions.Tests", "zFluent.Extensions.Tests\zFluent.Extensions.Tests.csproj", "{76374895-36F3-4E3F-8FF1-F21B31F97260}"
EndProject
Project("{2150E333-8FDC-42A3-9474-1A3956D46DE8}") = "Solution Items", "Solution Items", "{3DAA0986-BE6D-44DB-8265-34C03336BBD0}"
	ProjectSection(SolutionItems) = preProject
		README.md = README.md
	EndProjectSection
EndProject
Global
	GlobalSection(SolutionConfigurationPlatforms) = preSolution
		Debug|Any CPU = Debug|Any CPU
		Release|Any CPU = Release|Any CPU
	EndGlobalSection
	GlobalSection(ProjectConfigurationPlatforms) = postSolution
		{2402B977-58A0-429B-8316-5DA99726C02F}.Debug|Any CPU.ActiveCfg = Debug|Any CPU
		{2402B977-58A0-429B-8316-5DA99726C02F}.Debug|Any CPU.Build.0 = Debug|Any CPU
		{2402B977-58A0-429B-8316-5DA99726C02F}.Release|Any CPU.ActiveCfg = Release|Any CPU
		{2402B977-58A0-429B-8316-5DA99726C02F}.Release|Any CPU.Build.0 = Release|Any CPU
		{76374895-36F3-4E3F-8FF1-F21B31F97260}.Debug|Any CPU.ActiveCfg = Debug|Any CPU
		{76374895-36F3-4E3F-8FF1-F21B31F97260}.Debug|Any CPU.Build.0 = Debug|Any CPU
		{76374895-36F3-4E3F-8FF1-F21B31F97260}.Release|Any CPU.ActiveCfg = Release|Any CPU
		{76374895-36F3-4E3F-8FF1-F21B31F97260}.Release|Any CPU.Build.0 = Release|Any CPU
	EndGlobalSection
	GlobalSection(SolutionProperties) = preSolution
		HideSolutionNode = FALSE
	EndGlobalSection
	GlobalSection(ExtensibilityGlobals) = postSolution
		SolutionGuid = {E0C4581B-4E2B-40A9-A8C5-786DEF29E116}
	EndGlobalSection
EndGlobal
